
Microsoft Visual Studio Solution File, Format Version 12.00
# Visual Studio Version 16
VisualStudioVersion = 16.0.30804.86
MinimumVisualStudioVersion = 10.0.40219.1
Project("{FAE04EC0-301F-11D3-BF4B-00C04F79EFBC}") = "TestLib1", "TestLib1.csproj", "{722ECC63-F49E-4046-8A73-C0786B9869D8}"
EndProject
Global
	GlobalSection(SolutionConfigurationPlatforms) = preSolution
		Debug|Any CPU = Debug|Any CPU
		Release|Any CPU = Release|Any CPU
	EndGlobalSection
	GlobalSection(ProjectConfigurationPlatforms) = postSolution
		{722ECC63-F49E-4046-8A73-C0786B9869D8}.Debug|Any CPU.ActiveCfg = Debug|Any CPU
		{722ECC63-F49E-4046-8A73-C0786B9869D8}.Debug|Any CPU.Build.0 = Debug|Any CPU
		{722ECC63-F49E-4046-8A73-C0786B9869D8}.Release|Any CPU.ActiveCfg = Release|Any CPU
		{722ECC63-F49E-4046-8A73-C0786B9869D8}.Release|Any CPU.Build.0 = Release|Any CPU
	EndGlobalSection
	GlobalSection(SolutionProperties) = preSolution
		HideSolutionNode = FALSE
	EndGlobalSection
	GlobalSection(ExtensibilityGlobals) = postSolution
		SolutionGuid = {E2717C0A-4541-4B16-80DC-47D1AF800B2F}
	EndGlobalSection
EndGlobal
